// !$*UTF8*$!
{
	archiveVersion = 1;
	classes = {
	};
	objectVersion = 56;
	objects = {

/* Begin PBXBuildFile section */
		95FD2F652B0926E1007D4C8D /* FlashMathApp.swift in Sources */ = {isa = PBXBuildFile; fileRef = 95FD2F642B0926E1007D4C8D /* FlashMathApp.swift */; };
		95FD2F672B0926E1007D4C8D /* ContentView.swift in Sources */ = {isa = PBXBuildFile; fileRef = 95FD2F662B0926E1007D4C8D /* ContentView.swift */; };
		95FD2F692B0926E2007D4C8D /* Assets.xcassets in Resources */ = {isa = PBXBuildFile; fileRef = 95FD2F682B0926E2007D4C8D /* Assets.xcassets */; };
		95FD2F6C2B0926E2007D4C8D /* Preview Assets.xcassets in Resources */ = {isa = PBXBuildFile; fileRef = 95FD2F6B2B0926E2007D4C8D /* Preview Assets.xcassets */; };
		95FD2F762B0926E2007D4C8D /* FlashMathTests.swift in Sources */ = {isa = PBXBuildFile; fileRef = 95FD2F752B0926E2007D4C8D /* FlashMathTests.swift */; };
		95FD2F802B0926E2007D4C8D /* FlashMathUITests.swift in Sources */ = {isa = PBXBuildFile; fileRef = 95FD2F7F2B0926E2007D4C8D /* FlashMathUITests.swift */; };
		95FD2F822B0926E2007D4C8D /* FlashMathUITestsLaunchTests.swift in Sources */ = {isa = PBXBuildFile; fileRef = 95FD2F812B0926E2007D4C8D /* FlashMathUITestsLaunchTests.swift */; };
/* End PBXBuildFile section */

/* Begin PBXContainerItemProxy section */
		95FD2F722B0926E2007D4C8D /* PBXContainerItemProxy */ = {
			isa = PBXContainerItemProxy;
			containerPortal = 95FD2F592B0926E1007D4C8D /* Project object */;
			proxyType = 1;
			remoteGlobalIDString = 95FD2F602B0926E1007D4C8D;
			remoteInfo = FlashMath;
		};
		95FD2F7C2B0926E2007D4C8D /* PBXContainerItemProxy */ = {
			isa = PBXContainerItemProxy;
			containerPortal = 95FD2F592B0926E1007D4C8D /* Project object */;
			proxyType = 1;
			remoteGlobalIDString = 95FD2F602B0926E1007D4C8D;
			remoteInfo = FlashMath;
		};
/* End PBXContainerItemProxy section */

/* Begin PBXFileReference section */
		95FD2F612B0926E1007D4C8D /* FlashMath.app */ = {isa = PBXFileReference; explicitFileType = wrapper.application; includeInIndex = 0; path = FlashMath.app; sourceTree = BUILT_PRODUCTS_DIR; };
		95FD2F642B0926E1007D4C8D /* FlashMathApp.swift */ = {isa = PBXFileReference; lastKnownFileType = sourcecode.swift; path = FlashMathApp.swift; sourceTree = "<group>"; };
		95FD2F662B0926E1007D4C8D /* ContentView.swift */ = {isa = PBXFileReference; lastKnownFileType = sourcecode.swift; path = ContentView.swift; sourceTree = "<group>"; };
		95FD2F682B0926E2007D4C8D /* Assets.xcassets */ = {isa = PBXFileReference; lastKnownFileType = folder.assetcatalog; path = Assets.xcassets; sourceTree = "<group>"; };
		95FD2F6B2B0926E2007D4C8D /* Preview Assets.xcassets */ = {isa = PBXFileReference; lastKnownFileType = folder.assetcatalog; path = "Preview Assets.xcassets"; sourceTree = "<group>"; };
		95FD2F712B0926E2007D4C8D /* FlashMathTests.xctest */ = {isa = PBXFileReference; explicitFileType = wrapper.cfbundle; includeInIndex = 0; path = FlashMathTests.xctest; sourceTree = BUILT_PRODUCTS_DIR; };
		95FD2F752B0926E2007D4C8D /* FlashMathTests.swift */ = {isa = PBXFileReference; lastKnownFileType = sourcecode.swift; path = FlashMathTests.swift; sourceTree = "<group>"; };
		95FD2F7B2B0926E2007D4C8D /* FlashMathUITests.xctest */ = {isa = PBXFileReference; explicitFileType = wrapper.cfbundle; includeInIndex = 0; path = FlashMathUITests.xctest; sourceTree = BUILT_PRODUCTS_DIR; };
		95FD2F7F2B0926E2007D4C8D /* FlashMathUITests.swift */ = {isa = PBXFileReference; lastKnownFileType = sourcecode.swift; path = FlashMathUITests.swift; sourceTree = "<group>"; };
		95FD2F812B0926E2007D4C8D /* FlashMathUITestsLaunchTests.swift */ = {isa = PBXFileReference; lastKnownFileType = sourcecode.swift; path = FlashMathUITestsLaunchTests.swift; sourceTree = "<group>"; };
/* End PBXFileReference section */

/* Begin PBXFrameworksBuildPhase section */
		95FD2F5E2B0926E1007D4C8D /* Frameworks */ = {
			isa = PBXFrameworksBuildPhase;
			buildActionMask = 2147483647;
			files = (
			);
			runOnlyForDeploymentPostprocessing = 0;
		};
		95FD2F6E2B0926E2007D4C8D /* Frameworks */ = {
			isa = PBXFrameworksBuildPhase;
			buildActionMask = 2147483647;
			files = (
			);
			runOnlyForDeploymentPostprocessing = 0;
		};
		95FD2F782B0926E2007D4C8D /* Frameworks */ = {
			isa = PBXFrameworksBuildPhase;
			buildActionMask = 2147483647;
			files = (
			);
			runOnlyForDeploymentPostprocessing = 0;
		};
/* End PBXFrameworksBuildPhase section */

/* Begin PBXGroup section */
		95FD2F582B0926E1007D4C8D = {
			isa = PBXGroup;
			children = (
				95FD2F632B0926E1007D4C8D /* FlashMath */,
				95FD2F742B0926E2007D4C8D /* FlashMathTests */,
				95FD2F7E2B0926E2007D4C8D /* FlashMathUITests */,
				95FD2F622B0926E1007D4C8D /* Products */,
			);
			sourceTree = "<group>";
		};
		95FD2F622B0926E1007D4C8D /* Products */ = {
			isa = PBXGroup;
			children = (
				95FD2F612B0926E1007D4C8D /* FlashMath.app */,
				95FD2F712B0926E2007D4C8D /* FlashMathTests.xctest */,
				95FD2F7B2B0926E2007D4C8D /* FlashMathUITests.xctest */,
			);
			name = Products;
			sourceTree = "<group>";
		};
		95FD2F632B0926E1007D4C8D /* FlashMath */ = {
			isa = PBXGroup;
			children = (
				95FD2F642B0926E1007D4C8D /* FlashMathApp.swift */,
				95FD2F662B0926E1007D4C8D /* ContentView.swift */,
				95FD2F682B0926E2007D4C8D /* Assets.xcassets */,
				95FD2F6A2B0926E2007D4C8D /* Preview Content */,
			);
			path = FlashMath;
			sourceTree = "<group>";
		};
		95FD2F6A2B0926E2007D4C8D /* Preview Content */ = {
			isa = PBXGroup;
			children = (
				95FD2F6B2B0926E2007D4C8D /* Preview Assets.xcassets */,
			);
			path = "Preview Content";
			sourceTree = "<group>";
		};
		95FD2F742B0926E2007D4C8D /* FlashMathTests */ = {
			isa = PBXGroup;
			children = (
				95FD2F752B0926E2007D4C8D /* FlashMathTests.swift */,
			);
			path = FlashMathTests;
			sourceTree = "<group>";
		};
		95FD2F7E2B0926E2007D4C8D /* FlashMathUITests */ = {
			isa = PBXGroup;
			children = (
				95FD2F7F2B0926E2007D4C8D /* FlashMathUITests.swift */,
				95FD2F812B0926E2007D4C8D /* FlashMathUITestsLaunchTests.swift */,
			);
			path = FlashMathUITests;
			sourceTree = "<group>";
		};
/* End PBXGroup section */

/* Begin PBXNativeTarget section */
		95FD2F602B0926E1007D4C8D /* FlashMath */ = {
			isa = PBXNativeTarget;
			buildConfigurationList = 95FD2F852B0926E2007D4C8D /* Build configuration list for PBXNativeTarget "FlashMath" */;
			buildPhases = (
				95FD2F5D2B0926E1007D4C8D /* Sources */,
				95FD2F5E2B0926E1007D4C8D /* Frameworks */,
				95FD2F5F2B0926E1007D4C8D /* Resources */,
			);
			buildRules = (
			);
			dependencies = (
			);
			name = FlashMath;
			productName = FlashMath;
			productReference = 95FD2F612B0926E1007D4C8D /* FlashMath.app */;
			productType = "com.apple.product-type.application";
		};
		95FD2F702B0926E2007D4C8D /* FlashMathTests */ = {
			isa = PBXNativeTarget;
			buildConfigurationList = 95FD2F882B0926E2007D4C8D /* Build configuration list for PBXNativeTarget "FlashMathTests" */;
			buildPhases = (
				95FD2F6D2B0926E2007D4C8D /* Sources */,
				95FD2F6E2B0926E2007D4C8D /* Frameworks */,
				95FD2F6F2B0926E2007D4C8D /* Resources */,
			);
			buildRules = (
			);
			dependencies = (
				95FD2F732B0926E2007D4C8D /* PBXTargetDependency */,
			);
			name = FlashMathTests;
			productName = FlashMathTests;
			productReference = 95FD2F712B0926E2007D4C8D /* FlashMathTests.xctest */;
			productType = "com.apple.product-type.bundle.unit-test";
		};
		95FD2F7A2B0926E2007D4C8D /* FlashMathUITests */ = {
			isa = PBXNativeTarget;
			buildConfigurationList = 95FD2F8B2B0926E2007D4C8D /* Build configuration list for PBXNativeTarget "FlashMathUITests" */;
			buildPhases = (
				95FD2F772B0926E2007D4C8D /* Sources */,
				95FD2F782B0926E2007D4C8D /* Frameworks */,
				95FD2F792B0926E2007D4C8D /* Resources */,
			);
			buildRules = (
			);
			dependencies = (
				95FD2F7D2B0926E2007D4C8D /* PBXTargetDependency */,
			);
			name = FlashMathUITests;
			productName = FlashMathUITests;
			productReference = 95FD2F7B2B0926E2007D4C8D /* FlashMathUITests.xctest */;
			productType = "com.apple.product-type.bundle.ui-testing";
		};
/* End PBXNativeTarget section */

/* Begin PBXProject section */
		95FD2F592B0926E1007D4C8D /* Project object */ = {
			isa = PBXProject;
			attributes = {
				BuildIndependentTargetsInParallel = 1;
				LastSwiftUpdateCheck = 1500;
				LastUpgradeCheck = 1500;
				TargetAttributes = {
					95FD2F602B0926E1007D4C8D = {
						CreatedOnToolsVersion = 15.0.1;
					};
					95FD2F702B0926E2007D4C8D = {
						CreatedOnToolsVersion = 15.0.1;
						TestTargetID = 95FD2F602B0926E1007D4C8D;
					};
					95FD2F7A2B0926E2007D4C8D = {
						CreatedOnToolsVersion = 15.0.1;
						TestTargetID = 95FD2F602B0926E1007D4C8D;
					};
				};
			};
			buildConfigurationList = 95FD2F5C2B0926E1007D4C8D /* Build configuration list for PBXProject "FlashMath" */;
			compatibilityVersion = "Xcode 14.0";
			developmentRegion = en;
			hasScannedForEncodings = 0;
			knownRegions = (
				en,
				Base,
			);
			mainGroup = 95FD2F582B0926E1007D4C8D;
			productRefGroup = 95FD2F622B0926E1007D4C8D /* Products */;
			projectDirPath = "";
			projectRoot = "";
			targets = (
				95FD2F602B0926E1007D4C8D /* FlashMath */,
				95FD2F702B0926E2007D4C8D /* FlashMathTests */,
				95FD2F7A2B0926E2007D4C8D /* FlashMathUITests */,
			);
		};
/* End PBXProject section */

/* Begin PBXResourcesBuildPhase section */
		95FD2F5F2B0926E1007D4C8D /* Resources */ = {
			isa = PBXResourcesBuildPhase;
			buildActionMask = 2147483647;
			files = (
				95FD2F6C2B0926E2007D4C8D /* Preview Assets.xcassets in Resources */,
				95FD2F692B0926E2007D4C8D /* Assets.xcassets in Resources */,
			);
			runOnlyForDeploymentPostprocessing = 0;
		};
		95FD2F6F2B0926E2007D4C8D /* Resources */ = {
			isa = PBXResourcesBuildPhase;
			buildActionMask = 2147483647;
			files = (
			);
			runOnlyForDeploymentPostprocessing = 0;
		};
		95FD2F792B0926E2007D4C8D /* Resources */ = {
			isa = PBXResourcesBuildPhase;
			buildActionMask = 2147483647;
			files = (
			);
			runOnlyForDeploymentPostprocessing = 0;
		};
/* End PBXResourcesBuildPhase section */

/* Begin PBXSourcesBuildPhase section */
		95FD2F5D2B0926E1007D4C8D /* Sources */ = {
			isa = PBXSourcesBuildPhase;
			buildActionMask = 2147483647;
			files = (
				95FD2F672B0926E1007D4C8D /* ContentView.swift in Sources */,
				95FD2F652B0926E1007D4C8D /* FlashMathApp.swift in Sources */,
			);
			runOnlyForDeploymentPostprocessing = 0;
		};
		95FD2F6D2B0926E2007D4C8D /* Sources */ = {
			isa = PBXSourcesBuildPhase;
			buildActionMask = 2147483647;
			files = (
				95FD2F762B0926E2007D4C8D /* FlashMathTests.swift in Sources */,
			);
			runOnlyForDeploymentPostprocessing = 0;
		};
		95FD2F772B0926E2007D4C8D /* Sources */ = {
			isa = PBXSourcesBuildPhase;
			buildActionMask = 2147483647;
			files = (
				95FD2F802B0926E2007D4C8D /* FlashMathUITests.swift in Sources */,
				95FD2F822B0926E2007D4C8D /* FlashMathUITestsLaunchTests.swift in Sources */,
			);
			runOnlyForDeploymentPostprocessing = 0;
		};
/* End PBXSourcesBuildPhase section */

/* Begin PBXTargetDependency section */
		95FD2F732B0926E2007D4C8D /* PBXTargetDependency */ = {
			isa = PBXTargetDependency;
			target = 95FD2F602B0926E1007D4C8D /* FlashMath */;
			targetProxy = 95FD2F722B0926E2007D4C8D /* PBXContainerItemProxy */;
		};
		95FD2F7D2B0926E2007D4C8D /* PBXTargetDependency */ = {
			isa = PBXTargetDependency;
			target = 95FD2F602B0926E1007D4C8D /* FlashMath */;
			targetProxy = 95FD2F7C2B0926E2007D4C8D /* PBXContainerItemProxy */;
		};
/* End PBXTargetDependency section */

/* Begin XCBuildConfiguration section */
		95FD2F832B0926E2007D4C8D /* Debug */ = {
			isa = XCBuildConfiguration;
			buildSettings = {
				ALWAYS_SEARCH_USER_PATHS = NO;
				ASSETCATALOG_COMPILER_GENERATE_SWIFT_ASSET_SYMBOL_EXTENSIONS = YES;
				CLANG_ANALYZER_NONNULL = YES;
				CLANG_ANALYZER_NUMBER_OBJECT_CONVERSION = YES_AGGRESSIVE;
				CLANG_CXX_LANGUAGE_STANDARD = "gnu++20";
				CLANG_ENABLE_MODULES = YES;
				CLANG_ENABLE_OBJC_ARC = YES;
				CLANG_ENABLE_OBJC_WEAK = YES;
				CLANG_WARN_BLOCK_CAPTURE_AUTORELEASING = YES;
				CLANG_WARN_BOOL_CONVERSION = YES;
				CLANG_WARN_COMMA = YES;
				CLANG_WARN_CONSTANT_CONVERSION = YES;
				CLANG_WARN_DEPRECATED_OBJC_IMPLEMENTATIONS = YES;
				CLANG_WARN_DIRECT_OBJC_ISA_USAGE = YES_ERROR;
				CLANG_WARN_DOCUMENTATION_COMMENTS = YES;
				CLANG_WARN_EMPTY_BODY = YES;
				CLANG_WARN_ENUM_CONVERSION = YES;
				CLANG_WARN_INFINITE_RECURSION = YES;
				CLANG_WARN_INT_CONVERSION = YES;
				CLANG_WARN_NON_LITERAL_NULL_CONVERSION = YES;
				CLANG_WARN_OBJC_IMPLICIT_RETAIN_SELF = YES;
				CLANG_WARN_OBJC_LITERAL_CONVERSION = YES;
				CLANG_WARN_OBJC_ROOT_CLASS = YES_ERROR;
				CLANG_WARN_QUOTED_INCLUDE_IN_FRAMEWORK_HEADER = YES;
				CLANG_WARN_RANGE_LOOP_ANALYSIS = YES;
				CLANG_WARN_STRICT_PROTOTYPES = YES;
				CLANG_WARN_SUSPICIOUS_MOVE = YES;
				CLANG_WARN_UNGUARDED_AVAILABILITY = YES_AGGRESSIVE;
				CLANG_WARN_UNREACHABLE_CODE = YES;
				CLANG_WARN__DUPLICATE_METHOD_MATCH = YES;
				COPY_PHASE_STRIP = NO;
				DEBUG_INFORMATION_FORMAT = dwarf;
				ENABLE_STRICT_OBJC_MSGSEND = YES;
				ENABLE_TESTABILITY = YES;
				ENABLE_USER_SCRIPT_SANDBOXING = YES;
				GCC_C_LANGUAGE_STANDARD = gnu17;
				GCC_DYNAMIC_NO_PIC = NO;
				GCC_NO_COMMON_BLOCKS = YES;
				GCC_OPTIMIZATION_LEVEL = 0;
				GCC_PREPROCESSOR_DEFINITIONS = (
					"DEBUG=1",
					"$(inherited)",
				);
				GCC_WARN_64_TO_32_BIT_CONVERSION = YES;
				GCC_WARN_ABOUT_RETURN_TYPE = YES_ERROR;
				GCC_WARN_UNDECLARED_SELECTOR = YES;
				GCC_WARN_UNINITIALIZED_AUTOS = YES_AGGRESSIVE;
				GCC_WARN_UNUSED_FUNCTION = YES;
				GCC_WARN_UNUSED_VARIABLE = YES;
				IPHONEOS_DEPLOYMENT_TARGET = 17.0;
				LOCALIZATION_PREFERS_STRING_CATALOGS = YES;
				MTL_ENABLE_DEBUG_INFO = INCLUDE_SOURCE;
				MTL_FAST_MATH = YES;
				ONLY_ACTIVE_ARCH = YES;
				SDKROOT = iphoneos;
				SWIFT_ACTIVE_COMPILATION_CONDITIONS = "DEBUG $(inherited)";
				SWIFT_OPTIMIZATION_LEVEL = "-Onone";
			};
			name = Debug;
		};
		95FD2F842B0926E2007D4C8D /* Release */ = {
			isa = XCBuildConfiguration;
			buildSettings = {
				ALWAYS_SEARCH_USER_PATHS = NO;
				ASSETCATALOG_COMPILER_GENERATE_SWIFT_ASSET_SYMBOL_EXTENSIONS = YES;
				CLANG_ANALYZER_NONNULL = YES;
				CLANG_ANALYZER_NUMBER_OBJECT_CONVERSION = YES_AGGRESSIVE;
				CLANG_CXX_LANGUAGE_STANDARD = "gnu++20";
				CLANG_ENABLE_MODULES = YES;
				CLANG_ENABLE_OBJC_ARC = YES;
				CLANG_ENABLE_OBJC_WEAK = YES;
				CLANG_WARN_BLOCK_CAPTURE_AUTORELEASING = YES;
				CLANG_WARN_BOOL_CONVERSION = YES;
				CLANG_WARN_COMMA = YES;
				CLANG_WARN_CONSTANT_CONVERSION = YES;
				CLANG_WARN_DEPRECATED_OBJC_IMPLEMENTATIONS = YES;
				CLANG_WARN_DIRECT_OBJC_ISA_USAGE = YES_ERROR;
				CLANG_WARN_DOCUMENTATION_COMMENTS = YES;
				CLANG_WARN_EMPTY_BODY = YES;
				CLANG_WARN_ENUM_CONVERSION = YES;
				CLANG_WARN_INFINITE_RECURSION = YES;
				CLANG_WARN_INT_CONVERSION = YES;
				CLANG_WARN_NON_LITERAL_NULL_CONVERSION = YES;
				CLANG_WARN_OBJC_IMPLICIT_RETAIN_SELF = YES;
				CLANG_WARN_OBJC_LITERAL_CONVERSION = YES;
				CLANG_WARN_OBJC_ROOT_CLASS = YES_ERROR;
				CLANG_WARN_QUOTED_INCLUDE_IN_FRAMEWORK_HEADER = YES;
				CLANG_WARN_RANGE_LOOP_ANALYSIS = YES;
				CLANG_WARN_STRICT_PROTOTYPES = YES;
				CLANG_WARN_SUSPICIOUS_MOVE = YES;
				CLANG_WARN_UNGUARDED_AVAILABILITY = YES_AGGRESSIVE;
				CLANG_WARN_UNREACHABLE_CODE = YES;
				CLANG_WARN__DUPLICATE_METHOD_MATCH = YES;
				COPY_PHASE_STRIP = NO;
				DEBUG_INFORMATION_FORMAT = "dwarf-with-dsym";
				ENABLE_NS_ASSERTIONS = NO;
				ENABLE_STRICT_OBJC_MSGSEND = YES;
				ENABLE_USER_SCRIPT_SANDBOXING = YES;
				GCC_C_LANGUAGE_STANDARD = gnu17;
				GCC_NO_COMMON_BLOCKS = YES;
				GCC_WARN_64_TO_32_BIT_CONVERSION = YES;
				GCC_WARN_ABOUT_RETURN_TYPE = YES_ERROR;
				GCC_WARN_UNDECLARED_SELECTOR = YES;
				GCC_WARN_UNINITIALIZED_AUTOS = YES_AGGRESSIVE;
				GCC_WARN_UNUSED_FUNCTION = YES;
				GCC_WARN_UNUSED_VARIABLE = YES;
				IPHONEOS_DEPLOYMENT_TARGET = 17.0;
				LOCALIZATION_PREFERS_STRING_CATALOGS = YES;
				MTL_ENABLE_DEBUG_INFO = NO;
				MTL_FAST_MATH = YES;
				SDKROOT = iphoneos;
				SWIFT_COMPILATION_MODE = wholemodule;
				VALIDATE_PRODUCT = YES;
			};
			name = Release;
		};
		95FD2F862B0926E2007D4C8D /* Debug */ = {
			isa = XCBuildConfiguration;
			buildSettings = {
				ASSETCATALOG_COMPILER_APPICON_NAME = AppIcon;
				ASSETCATALOG_COMPILER_GLOBAL_ACCENT_COLOR_NAME = AccentColor;
				CODE_SIGN_STYLE = Automatic;
				CURRENT_PROJECT_VERSION = 1;
				DEVELOPMENT_ASSET_PATHS = "\"FlashMath/Preview Content\"";
				DEVELOPMENT_TEAM = LGX23BH474;
				ENABLE_PREVIEWS = YES;
				GENERATE_INFOPLIST_FILE = YES;
				INFOPLIST_KEY_UIApplicationSceneManifest_Generation = YES;
				INFOPLIST_KEY_UIApplicationSupportsIndirectInputEvents = YES;
				INFOPLIST_KEY_UILaunchScreen_Generation = YES;
				INFOPLIST_KEY_UISupportedInterfaceOrientations_iPad = "UIInterfaceOrientationPortrait UIInterfaceOrientationPortraitUpsideDown UIInterfaceOrientationLandscapeLeft UIInterfaceOrientationLandscapeRight";
				INFOPLIST_KEY_UISupportedInterfaceOrientations_iPhone = "UIInterfaceOrientationPortrait UIInterfaceOrientationLandscapeLeft UIInterfaceOrientationLandscapeRight";
				LD_RUNPATH_SEARCH_PATHS = (
					"$(inherited)",
					"@executable_path/Frameworks",
				);
				MARKETING_VERSION = 1.0;
				PRODUCT_BUNDLE_IDENTIFIER = com.theapapp.FlashMath;
				PRODUCT_NAME = "$(TARGET_NAME)";
				SWIFT_EMIT_LOC_STRINGS = YES;
				SWIFT_VERSION = 5.0;
				TARGETED_DEVICE_FAMILY = "1,2";
			};
			name = Debug;
		};
		95FD2F872B0926E2007D4C8D /* Release */ = {
			isa = XCBuildConfiguration;
			buildSettings = {
				ASSETCATALOG_COMPILER_APPICON_NAME = AppIcon;
				ASSETCATALOG_COMPILER_GLOBAL_ACCENT_COLOR_NAME = AccentColor;
				CODE_SIGN_STYLE = Automatic;
				CURRENT_PROJECT_VERSION = 1;
				DEVELOPMENT_ASSET_PATHS = "\"FlashMath/Preview Content\"";
				DEVELOPMENT_TEAM = LGX23BH474;
				ENABLE_PREVIEWS = YES;
				GENERATE_INFOPLIST_FILE = YES;
				INFOPLIST_KEY_UIApplicationSceneManifest_Generation = YES;
				INFOPLIST_KEY_UIApplicationSupportsIndirectInputEvents = YES;
				INFOPLIST_KEY_UILaunchScreen_Generation = YES;
				INFOPLIST_KEY_UISupportedInterfaceOrientations_iPad = "UIInterfaceOrientationPortrait UIInterfaceOrientationPortraitUpsideDown UIInterfaceOrientationLandscapeLeft UIInterfaceOrientationLandscapeRight";
				INFOPLIST_KEY_UISupportedInterfaceOrientations_iPhone = "UIInterfaceOrientationPortrait UIInterfaceOrientationLandscapeLeft UIInterfaceOrientationLandscapeRight";
				LD_RUNPATH_SEARCH_PATHS = (
					"$(inherited)",
					"@executable_path/Frameworks",
				);
				MARKETING_VERSION = 1.0;
				PRODUCT_BUNDLE_IDENTIFIER = com.theapapp.FlashMath;
				PRODUCT_NAME = "$(TARGET_NAME)";
				SWIFT_EMIT_LOC_STRINGS = YES;
				SWIFT_VERSION = 5.0;
				TARGETED_DEVICE_FAMILY = "1,2";
			};
			name = Release;
		};
		95FD2F892B0926E2007D4C8D /* Debug */ = {
			isa = XCBuildConfiguration;
			buildSettings = {
				ALWAYS_EMBED_SWIFT_STANDARD_LIBRARIES = YES;
				BUNDLE_LOADER = "$(TEST_HOST)";
				CODE_SIGN_STYLE = Automatic;
				CURRENT_PROJECT_VERSION = 1;
				DEVELOPMENT_TEAM = LGX23BH474;
				GENERATE_INFOPLIST_FILE = YES;
				IPHONEOS_DEPLOYMENT_TARGET = 17.0;
				MARKETING_VERSION = 1.0;
				PRODUCT_BUNDLE_IDENTIFIER = com.theapapp.FlashMathTests;
				PRODUCT_NAME = "$(TARGET_NAME)";
				SWIFT_EMIT_LOC_STRINGS = NO;
				SWIFT_VERSION = 5.0;
				TARGETED_DEVICE_FAMILY = "1,2";
				TEST_HOST = "$(BUILT_PRODUCTS_DIR)/FlashMath.app/$(BUNDLE_EXECUTABLE_FOLDER_PATH)/FlashMath";
			};
			name = Debug;
		};
		95FD2F8A2B0926E2007D4C8D /* Release */ = {
			isa = XCBuildConfiguration;
			buildSettings = {
				ALWAYS_EMBED_SWIFT_STANDARD_LIBRARIES = YES;
				BUNDLE_LOADER = "$(TEST_HOST)";
				CODE_SIGN_STYLE = Automatic;
				CURRENT_PROJECT_VERSION = 1;
				DEVELOPMENT_TEAM = LGX23BH474;
				GENERATE_INFOPLIST_FILE = YES;
				IPHONEOS_DEPLOYMENT_TARGET = 17.0;
				MARKETING_VERSION = 1.0;
				PRODUCT_BUNDLE_IDENTIFIER = com.theapapp.FlashMathTests;
				PRODUCT_NAME = "$(TARGET_NAME)";
				SWIFT_EMIT_LOC_STRINGS = NO;
				SWIFT_VERSION = 5.0;
				TARGETED_DEVICE_FAMILY = "1,2";
				TEST_HOST = "$(BUILT_PRODUCTS_DIR)/FlashMath.app/$(BUNDLE_EXECUTABLE_FOLDER_PATH)/FlashMath";
			};
			name = Release;
		};
		95FD2F8C2B0926E2007D4C8D /* Debug */ = {
			isa = XCBuildConfiguration;
			buildSettings = {
				ALWAYS_EMBED_SWIFT_STANDARD_LIBRARIES = YES;
				CODE_SIGN_STYLE = Automatic;
				CURRENT_PROJECT_VERSION = 1;
				DEVELOPMENT_TEAM = LGX23BH474;
				GENERATE_INFOPLIST_FILE = YES;
				MARKETING_VERSION = 1.0;
				PRODUCT_BUNDLE_IDENTIFIER = com.theapapp.FlashMathUITests;
				PRODUCT_NAME = "$(TARGET_NAME)";
				SWIFT_EMIT_LOC_STRINGS = NO;
				SWIFT_VERSION = 5.0;
				TARGETED_DEVICE_FAMILY = "1,2";
				TEST_TARGET_NAME = FlashMath;
			};
			name = Debug;
		};
		95FD2F8D2B0926E2007D4C8D /* Release */ = {
			isa = XCBuildConfiguration;
			buildSettings = {
				ALWAYS_EMBED_SWIFT_STANDARD_LIBRARIES = YES;
				CODE_SIGN_STYLE = Automatic;
				CURRENT_PROJECT_VERSION = 1;
				DEVELOPMENT_TEAM = LGX23BH474;
				GENERATE_INFOPLIST_FILE = YES;
				MARKETING_VERSION = 1.0;
				PRODUCT_BUNDLE_IDENTIFIER = com.theapapp.FlashMathUITests;
				PRODUCT_NAME = "$(TARGET_NAME)";
				SWIFT_EMIT_LOC_STRINGS = NO;
				SWIFT_VERSION = 5.0;
				TARGETED_DEVICE_FAMILY = "1,2";
				TEST_TARGET_NAME = FlashMath;
			};
			name = Release;
		};
/* End XCBuildConfiguration section */

/* Begin XCConfigurationList section */
		95FD2F5C2B0926E1007D4C8D /* Build configuration list for PBXProject "FlashMath" */ = {
			isa = XCConfigurationList;
			buildConfigurations = (
				95FD2F832B0926E2007D4C8D /* Debug */,
				95FD2F842B0926E2007D4C8D /* Release */,
			);
			defaultConfigurationIsVisible = 0;
			defaultConfigurationName = Release;
		};
		95FD2F852B0926E2007D4C8D /* Build configuration list for PBXNativeTarget "FlashMath" */ = {
			isa = XCConfigurationList;
			buildConfigurations = (
				95FD2F862B0926E2007D4C8D /* Debug */,
				95FD2F872B0926E2007D4C8D /* Release */,
			);
			defaultConfigurationIsVisible = 0;
			defaultConfigurationName = Release;
		};
		95FD2F882B0926E2007D4C8D /* Build configuration list for PBXNativeTarget "FlashMathTests" */ = {
			isa = XCConfigurationList;
			buildConfigurations = (
				95FD2F892B0926E2007D4C8D /* Debug */,
				95FD2F8A2B0926E2007D4C8D /* Release */,
			);
			defaultConfigurationIsVisible = 0;
			defaultConfigurationName = Release;
		};
		95FD2F8B2B0926E2007D4C8D /* Build configuration list for PBXNativeTarget "FlashMathUITests" */ = {
			isa = XCConfigurationList;
			buildConfigurations = (
				95FD2F8C2B0926E2007D4C8D /* Debug */,
				95FD2F8D2B0926E2007D4C8D /* Release */,
			);
			defaultConfigurationIsVisible = 0;
			defaultConfigurationName = Release;
		};
/* End XCConfigurationList section */
	};
	rootObject = 95FD2F592B0926E1007D4C8D /* Project object */;
}
